
Microsoft Visual Studio Solution File, Format Version 12.00
# Visual Studio Version 16
VisualStudioVersion = 16.0.29102.190
MinimumVisualStudioVersion = 10.0.40219.1
Project("{2150E333-8FDC-42A3-9474-1A3956D46DE8}") = "src", "src", "{522EA408-7A3D-44FA-BBA4-DD8A7360DB43}"
EndProject
Project("{2150E333-8FDC-42A3-9474-1A3956D46DE8}") = "Common", "Common", "{A6A9D0B1-02D6-4EC6-BD2F-3EA99D10981F}"
EndProject
Project("{2150E333-8FDC-42A3-9474-1A3956D46DE8}") = "tests", "tests", "{F5863B5E-FC8E-4200-BA59-0F289571F15B}"
EndProject
Project("{9A19103F-16F7-4668-BE54-9A1E7A4F7556}") = "CarDealer.Common", "CarDealer.Common\CarDealer.Common.csproj", "{4DC8A61A-590B-4711-92D0-0DB891EADC16}"
EndProject
Project("{2150E333-8FDC-42A3-9474-1A3956D46DE8}") = "Core", "Core", "{54EFABDA-8B85-4042-B43D-63CB5ED92F95}"
EndProject
Project("{2150E333-8FDC-42A3-9474-1A3956D46DE8}") = "Presentation", "Presentation", "{BF4FF5D2-E59E-4669-A71F-BEE9FBAD0FBF}"
EndProject
Project("{9A19103F-16F7-4668-BE54-9A1E7A4F7556}") = "CarDealer.Application", "CarDealer.Application\CarDealer.Application.csproj", "{790E48B4-8701-4FD4-AE10-3C0B006440D7}"
EndProject
Project("{9A19103F-16F7-4668-BE54-9A1E7A4F7556}") = "CarDealer.Domain", "CarDealer.Domain\CarDealer.Domain.csproj", "{FAF33FA7-A13B-431D-94AF-89AC4DA99548}"
EndProject
Project("{2150E333-8FDC-42A3-9474-1A3956D46DE8}") = "Infrastructure", "Infrastructure", "{52B4B5A2-3EC0-4E14-857D-FDE857FBD6C4}"
EndProject
Project("{9A19103F-16F7-4668-BE54-9A1E7A4F7556}") = "CarDealer.Infrastructure", "CarDealer.Infrastructure\CarDealer.Infrastructure.csproj", "{87A4BB27-C14E-44AB-A6BE-A44D9A377DFC}"
EndProject
Project("{9A19103F-16F7-4668-BE54-9A1E7A4F7556}") = "CarDealer.Persistance", "CarDealer.Persistance\CarDealer.Persistance.csproj", "{64ADAA8C-64C7-4480-801F-B844EBAC54A4}"
EndProject
Project("{9A19103F-16F7-4668-BE54-9A1E7A4F7556}") = "CarDealer.Api", "CarDealer.Api\CarDealer.Api.csproj", "{16B9FFE3-24E3-4E5F-94D8-A22C6D763B40}"
EndProject
Project("{FAE04EC0-301F-11D3-BF4B-00C04F79EFBC}") = "CarDealer.Api.Tests", "CarDealer.Api.Tests\CarDealer.Api.Tests.csproj", "{B8CE94CF-0C26-4BEB-94AB-9898D9E6FBD5}"
EndProject
Global
	GlobalSection(SolutionConfigurationPlatforms) = preSolution
		Debug|Any CPU = Debug|Any CPU
		Release|Any CPU = Release|Any CPU
	EndGlobalSection
	GlobalSection(ProjectConfigurationPlatforms) = postSolution
		{4DC8A61A-590B-4711-92D0-0DB891EADC16}.Debug|Any CPU.ActiveCfg = Debug|Any CPU
		{4DC8A61A-590B-4711-92D0-0DB891EADC16}.Debug|Any CPU.Build.0 = Debug|Any CPU
		{4DC8A61A-590B-4711-92D0-0DB891EADC16}.Release|Any CPU.ActiveCfg = Release|Any CPU
		{4DC8A61A-590B-4711-92D0-0DB891EADC16}.Release|Any CPU.Build.0 = Release|Any CPU
		{790E48B4-8701-4FD4-AE10-3C0B006440D7}.Debug|Any CPU.ActiveCfg = Debug|Any CPU
		{790E48B4-8701-4FD4-AE10-3C0B006440D7}.Debug|Any CPU.Build.0 = Debug|Any CPU
		{790E48B4-8701-4FD4-AE10-3C0B006440D7}.Release|Any CPU.ActiveCfg = Release|Any CPU
		{790E48B4-8701-4FD4-AE10-3C0B006440D7}.Release|Any CPU.Build.0 = Release|Any CPU
		{FAF33FA7-A13B-431D-94AF-89AC4DA99548}.Debug|Any CPU.ActiveCfg = Debug|Any CPU
		{FAF33FA7-A13B-431D-94AF-89AC4DA99548}.Debug|Any CPU.Build.0 = Debug|Any CPU
		{FAF33FA7-A13B-431D-94AF-89AC4DA99548}.Release|Any CPU.ActiveCfg = Release|Any CPU
		{FAF33FA7-A13B-431D-94AF-89AC4DA99548}.Release|Any CPU.Build.0 = Release|Any CPU
		{87A4BB27-C14E-44AB-A6BE-A44D9A377DFC}.Debug|Any CPU.ActiveCfg = Debug|Any CPU
		{87A4BB27-C14E-44AB-A6BE-A44D9A377DFC}.Debug|Any CPU.Build.0 = Debug|Any CPU
		{87A4BB27-C14E-44AB-A6BE-A44D9A377DFC}.Release|Any CPU.ActiveCfg = Release|Any CPU
		{87A4BB27-C14E-44AB-A6BE-A44D9A377DFC}.Release|Any CPU.Build.0 = Release|Any CPU
		{64ADAA8C-64C7-4480-801F-B844EBAC54A4}.Debug|Any CPU.ActiveCfg = Debug|Any CPU
		{64ADAA8C-64C7-4480-801F-B844EBAC54A4}.Debug|Any CPU.Build.0 = Debug|Any CPU
		{64ADAA8C-64C7-4480-801F-B844EBAC54A4}.Release|Any CPU.ActiveCfg = Release|Any CPU
		{64ADAA8C-64C7-4480-801F-B844EBAC54A4}.Release|Any CPU.Build.0 = Release|Any CPU
		{16B9FFE3-24E3-4E5F-94D8-A22C6D763B40}.Debug|Any CPU.ActiveCfg = Debug|Any CPU
		{16B9FFE3-24E3-4E5F-94D8-A22C6D763B40}.Debug|Any CPU.Build.0 = Debug|Any CPU
		{16B9FFE3-24E3-4E5F-94D8-A22C6D763B40}.Release|Any CPU.ActiveCfg = Release|Any CPU
		{16B9FFE3-24E3-4E5F-94D8-A22C6D763B40}.Release|Any CPU.Build.0 = Release|Any CPU
		{B8CE94CF-0C26-4BEB-94AB-9898D9E6FBD5}.Debug|Any CPU.ActiveCfg = Debug|Any CPU
		{B8CE94CF-0C26-4BEB-94AB-9898D9E6FBD5}.Debug|Any CPU.Build.0 = Debug|Any CPU
		{B8CE94CF-0C26-4BEB-94AB-9898D9E6FBD5}.Release|Any CPU.ActiveCfg = Release|Any CPU
		{B8CE94CF-0C26-4BEB-94AB-9898D9E6FBD5}.Release|Any CPU.Build.0 = Release|Any CPU
	EndGlobalSection
	GlobalSection(SolutionProperties) = preSolution
		HideSolutionNode = FALSE
	EndGlobalSection
	GlobalSection(NestedProjects) = preSolution
		{A6A9D0B1-02D6-4EC6-BD2F-3EA99D10981F} = {522EA408-7A3D-44FA-BBA4-DD8A7360DB43}
		{4DC8A61A-590B-4711-92D0-0DB891EADC16} = {A6A9D0B1-02D6-4EC6-BD2F-3EA99D10981F}
		{54EFABDA-8B85-4042-B43D-63CB5ED92F95} = {522EA408-7A3D-44FA-BBA4-DD8A7360DB43}
		{BF4FF5D2-E59E-4669-A71F-BEE9FBAD0FBF} = {522EA408-7A3D-44FA-BBA4-DD8A7360DB43}
		{790E48B4-8701-4FD4-AE10-3C0B006440D7} = {54EFABDA-8B85-4042-B43D-63CB5ED92F95}
		{FAF33FA7-A13B-431D-94AF-89AC4DA99548} = {54EFABDA-8B85-4042-B43D-63CB5ED92F95}
		{52B4B5A2-3EC0-4E14-857D-FDE857FBD6C4} = {522EA408-7A3D-44FA-BBA4-DD8A7360DB43}
		{87A4BB27-C14E-44AB-A6BE-A44D9A377DFC} = {52B4B5A2-3EC0-4E14-857D-FDE857FBD6C4}
		{64ADAA8C-64C7-4480-801F-B844EBAC54A4} = {52B4B5A2-3EC0-4E14-857D-FDE857FBD6C4}
		{16B9FFE3-24E3-4E5F-94D8-A22C6D763B40} = {BF4FF5D2-E59E-4669-A71F-BEE9FBAD0FBF}
		{B8CE94CF-0C26-4BEB-94AB-9898D9E6FBD5} = {F5863B5E-FC8E-4200-BA59-0F289571F15B}
	EndGlobalSection
	GlobalSection(ExtensibilityGlobals) = postSolution
		SolutionGuid = {0343EE48-5257-45AE-956F-54FC93C5713A}
	EndGlobalSection
EndGlobal
